// !$*UTF8*$!
{
	archiveVersion = 1;
	classes = {
	};
	objectVersion = 46;
	objects = {

/* Begin PBXBuildFile section */
		373C90F8164DC64B00602DBB /* UIKit.framework in Frameworks */ = {isa = PBXBuildFile; fileRef = 373C90F7164DC64B00602DBB /* UIKit.framework */; };
		373C90FA164DC64B00602DBB /* Foundation.framework in Frameworks */ = {isa = PBXBuildFile; fileRef = 373C90F9164DC64B00602DBB /* Foundation.framework */; };
		373C90FC164DC64B00602DBB /* CoreGraphics.framework in Frameworks */ = {isa = PBXBuildFile; fileRef = 373C90FB164DC64B00602DBB /* CoreGraphics.framework */; };
		373C9102164DC64B00602DBB /* InfoPlist.strings in Resources */ = {isa = PBXBuildFile; fileRef = 373C9100164DC64B00602DBB /* InfoPlist.strings */; };
		373C9104164DC64B00602DBB /* main.m in Sources */ = {isa = PBXBuildFile; fileRef = 373C9103164DC64B00602DBB /* main.m */; };
		373C9108164DC64B00602DBB /* AppDelegate.m in Sources */ = {isa = PBXBuildFile; fileRef = 373C9107164DC64B00602DBB /* AppDelegate.m */; };
		373C910A164DC64B00602DBB /* Default.png in Resources */ = {isa = PBXBuildFile; fileRef = 373C9109164DC64B00602DBB /* Default.png */; };
		373C910C164DC64B00602DBB /* Default@2x.png in Resources */ = {isa = PBXBuildFile; fileRef = 373C910B164DC64B00602DBB /* Default@2x.png */; };
		373C910E164DC64B00602DBB /* Default-568h@2x.png in Resources */ = {isa = PBXBuildFile; fileRef = 373C910D164DC64B00602DBB /* Default-568h@2x.png */; };
		373C9111164DC64B00602DBB /* MainStoryboard_iPhone.storyboard in Resources */ = {isa = PBXBuildFile; fileRef = 373C910F164DC64B00602DBB /* MainStoryboard_iPhone.storyboard */; };
		373C9114164DC64B00602DBB /* MainStoryboard_iPad.storyboard in Resources */ = {isa = PBXBuildFile; fileRef = 373C9112164DC64B00602DBB /* MainStoryboard_iPad.storyboard */; };
		373C9117164DC64B00602DBB /* PINViewController.m in Sources */ = {isa = PBXBuildFile; fileRef = 373C9116164DC64B00602DBB /* PINViewController.m */; };
		373C911F164DC64B00602DBB /* SenTestingKit.framework in Frameworks */ = {isa = PBXBuildFile; fileRef = 373C911E164DC64B00602DBB /* SenTestingKit.framework */; };
		373C9120164DC64B00602DBB /* UIKit.framework in Frameworks */ = {isa = PBXBuildFile; fileRef = 373C90F7164DC64B00602DBB /* UIKit.framework */; };
		373C9121164DC64B00602DBB /* Foundation.framework in Frameworks */ = {isa = PBXBuildFile; fileRef = 373C90F9164DC64B00602DBB /* Foundation.framework */; };
		373C9129164DC64B00602DBB /* InfoPlist.strings in Resources */ = {isa = PBXBuildFile; fileRef = 373C9127164DC64B00602DBB /* InfoPlist.strings */; };
		373C912C164DC64C00602DBB /* SkyCraneTests.m in Sources */ = {isa = PBXBuildFile; fileRef = 373C912B164DC64C00602DBB /* SkyCraneTests.m */; };
		373C913A164DCDAE00602DBB /* sites.json in Resources */ = {isa = PBXBuildFile; fileRef = 373C9139164DCDAE00602DBB /* sites.json */; };
		373C913D164DD31200602DBB /* SiteViewController.m in Sources */ = {isa = PBXBuildFile; fileRef = 373C913C164DD31200602DBB /* SiteViewController.m */; };
/* End PBXBuildFile section */

/* Begin PBXContainerItemProxy section */
		373C9122164DC64B00602DBB /* PBXContainerItemProxy */ = {
			isa = PBXContainerItemProxy;
			containerPortal = 373C90EA164DC64B00602DBB /* Project object */;
			proxyType = 1;
			remoteGlobalIDString = 373C90F2164DC64B00602DBB;
			remoteInfo = SkyCrane;
		};
/* End PBXContainerItemProxy section */

/* Begin PBXFileReference section */
		373C90F3164DC64B00602DBB /* SkyCrane.app */ = {isa = PBXFileReference; explicitFileType = wrapper.application; includeInIndex = 0; path = SkyCrane.app; sourceTree = BUILT_PRODUCTS_DIR; };
		373C90F7164DC64B00602DBB /* UIKit.framework */ = {isa = PBXFileReference; lastKnownFileType = wrapper.framework; name = UIKit.framework; path = System/Library/Frameworks/UIKit.framework; sourceTree = SDKROOT; };
		373C90F9164DC64B00602DBB /* Foundation.framework */ = {isa = PBXFileReference; lastKnownFileType = wrapper.framework; name = Foundation.framework; path = System/Library/Frameworks/Foundation.framework; sourceTree = SDKROOT; };
		373C90FB164DC64B00602DBB /* CoreGraphics.framework */ = {isa = PBXFileReference; lastKnownFileType = wrapper.framework; name = CoreGraphics.framework; path = System/Library/Frameworks/CoreGraphics.framework; sourceTree = SDKROOT; };
		373C90FF164DC64B00602DBB /* SkyCrane-Info.plist */ = {isa = PBXFileReference; lastKnownFileType = text.plist.xml; path = "SkyCrane-Info.plist"; sourceTree = "<group>"; };
		373C9101164DC64B00602DBB /* en */ = {isa = PBXFileReference; lastKnownFileType = text.plist.strings; name = en; path = en.lproj/InfoPlist.strings; sourceTree = "<group>"; };
		373C9103164DC64B00602DBB /* main.m */ = {isa = PBXFileReference; lastKnownFileType = sourcecode.c.objc; path = main.m; sourceTree = "<group>"; };
		373C9105164DC64B00602DBB /* SkyCrane-Prefix.pch */ = {isa = PBXFileReference; lastKnownFileType = sourcecode.c.h; path = "SkyCrane-Prefix.pch"; sourceTree = "<group>"; };
		373C9106164DC64B00602DBB /* AppDelegate.h */ = {isa = PBXFileReference; lastKnownFileType = sourcecode.c.h; path = AppDelegate.h; sourceTree = "<group>"; };
		373C9107164DC64B00602DBB /* AppDelegate.m */ = {isa = PBXFileReference; lastKnownFileType = sourcecode.c.objc; path = AppDelegate.m; sourceTree = "<group>"; };
		373C9109164DC64B00602DBB /* Default.png */ = {isa = PBXFileReference; lastKnownFileType = image.png; path = Default.png; sourceTree = "<group>"; };
		373C910B164DC64B00602DBB /* Default@2x.png */ = {isa = PBXFileReference; lastKnownFileType = image.png; path = "Default@2x.png"; sourceTree = "<group>"; };
		373C910D164DC64B00602DBB /* Default-568h@2x.png */ = {isa = PBXFileReference; lastKnownFileType = image.png; path = "Default-568h@2x.png"; sourceTree = "<group>"; };
		373C9110164DC64B00602DBB /* en */ = {isa = PBXFileReference; lastKnownFileType = file.storyboard; name = en; path = en.lproj/MainStoryboard_iPhone.storyboard; sourceTree = "<group>"; };
		373C9113164DC64B00602DBB /* en */ = {isa = PBXFileReference; lastKnownFileType = file.storyboard; name = en; path = en.lproj/MainStoryboard_iPad.storyboard; sourceTree = "<group>"; };
		373C9115164DC64B00602DBB /* PINViewController.h */ = {isa = PBXFileReference; lastKnownFileType = sourcecode.c.h; path = PINViewController.h; sourceTree = "<group>"; };
		373C9116164DC64B00602DBB /* PINViewController.m */ = {isa = PBXFileReference; lastKnownFileType = sourcecode.c.objc; path = PINViewController.m; sourceTree = "<group>"; };
		373C911D164DC64B00602DBB /* SkyCraneTests.octest */ = {isa = PBXFileReference; explicitFileType = wrapper.cfbundle; includeInIndex = 0; path = SkyCraneTests.octest; sourceTree = BUILT_PRODUCTS_DIR; };
		373C911E164DC64B00602DBB /* SenTestingKit.framework */ = {isa = PBXFileReference; lastKnownFileType = wrapper.framework; name = SenTestingKit.framework; path = Library/Frameworks/SenTestingKit.framework; sourceTree = DEVELOPER_DIR; };
		373C9126164DC64B00602DBB /* SkyCraneTests-Info.plist */ = {isa = PBXFileReference; lastKnownFileType = text.plist.xml; path = "SkyCraneTests-Info.plist"; sourceTree = "<group>"; };
		373C9128164DC64B00602DBB /* en */ = {isa = PBXFileReference; lastKnownFileType = text.plist.strings; name = en; path = en.lproj/InfoPlist.strings; sourceTree = "<group>"; };
		373C912A164DC64B00602DBB /* SkyCraneTests.h */ = {isa = PBXFileReference; lastKnownFileType = sourcecode.c.h; path = SkyCraneTests.h; sourceTree = "<group>"; };
		373C912B164DC64C00602DBB /* SkyCraneTests.m */ = {isa = PBXFileReference; lastKnownFileType = sourcecode.c.objc; path = SkyCraneTests.m; sourceTree = "<group>"; };
		373C9139164DCDAE00602DBB /* sites.json */ = {isa = PBXFileReference; fileEncoding = 4; lastKnownFileType = text.json; path = sites.json; sourceTree = "<group>"; };
		373C913B164DD31200602DBB /* SiteViewController.h */ = {isa = PBXFileReference; fileEncoding = 4; lastKnownFileType = sourcecode.c.h; path = SiteViewController.h; sourceTree = "<group>"; };
		373C913C164DD31200602DBB /* SiteViewController.m */ = {isa = PBXFileReference; fileEncoding = 4; lastKnownFileType = sourcecode.c.objc; path = SiteViewController.m; sourceTree = "<group>"; };
/* End PBXFileReference section */

/* Begin PBXFrameworksBuildPhase section */
		373C90F0164DC64B00602DBB /* Frameworks */ = {
			isa = PBXFrameworksBuildPhase;
			buildActionMask = 2147483647;
			files = (
				373C90F8164DC64B00602DBB /* UIKit.framework in Frameworks */,
				373C90FA164DC64B00602DBB /* Foundation.framework in Frameworks */,
				373C90FC164DC64B00602DBB /* CoreGraphics.framework in Frameworks */,
			);
			runOnlyForDeploymentPostprocessing = 0;
		};
		373C9119164DC64B00602DBB /* Frameworks */ = {
			isa = PBXFrameworksBuildPhase;
			buildActionMask = 2147483647;
			files = (
				373C911F164DC64B00602DBB /* SenTestingKit.framework in Frameworks */,
				373C9120164DC64B00602DBB /* UIKit.framework in Frameworks */,
				373C9121164DC64B00602DBB /* Foundation.framework in Frameworks */,
			);
			runOnlyForDeploymentPostprocessing = 0;
		};
/* End PBXFrameworksBuildPhase section */

/* Begin PBXGroup section */
		373C90E8164DC64B00602DBB = {
			isa = PBXGroup;
			children = (
				373C90FD164DC64B00602DBB /* SkyCrane */,
				373C9124164DC64B00602DBB /* SkyCraneTests */,
				373C90F6164DC64B00602DBB /* Frameworks */,
				373C90F4164DC64B00602DBB /* Products */,
			);
			sourceTree = "<group>";
		};
		373C90F4164DC64B00602DBB /* Products */ = {
			isa = PBXGroup;
			children = (
				373C90F3164DC64B00602DBB /* SkyCrane.app */,
				373C911D164DC64B00602DBB /* SkyCraneTests.octest */,
			);
			name = Products;
			sourceTree = "<group>";
		};
		373C90F6164DC64B00602DBB /* Frameworks */ = {
			isa = PBXGroup;
			children = (
				373C90F7164DC64B00602DBB /* UIKit.framework */,
				373C90F9164DC64B00602DBB /* Foundation.framework */,
				373C90FB164DC64B00602DBB /* CoreGraphics.framework */,
				373C911E164DC64B00602DBB /* SenTestingKit.framework */,
			);
			name = Frameworks;
			sourceTree = "<group>";
		};
		373C90FD164DC64B00602DBB /* SkyCrane */ = {
			isa = PBXGroup;
			children = (
				373C9106164DC64B00602DBB /* AppDelegate.h */,
				373C9107164DC64B00602DBB /* AppDelegate.m */,
				373C910F164DC64B00602DBB /* MainStoryboard_iPhone.storyboard */,
				373C9112164DC64B00602DBB /* MainStoryboard_iPad.storyboard */,
				373C9115164DC64B00602DBB /* PINViewController.h */,
				373C9116164DC64B00602DBB /* PINViewController.m */,
				373C913B164DD31200602DBB /* SiteViewController.h */,
				373C913C164DD31200602DBB /* SiteViewController.m */,
				373C90FE164DC64B00602DBB /* Supporting Files */,
			);
			path = SkyCrane;
			sourceTree = "<group>";
		};
		373C90FE164DC64B00602DBB /* Supporting Files */ = {
			isa = PBXGroup;
			children = (
				373C9139164DCDAE00602DBB /* sites.json */,
				373C90FF164DC64B00602DBB /* SkyCrane-Info.plist */,
				373C9100164DC64B00602DBB /* InfoPlist.strings */,
				373C9103164DC64B00602DBB /* main.m */,
				373C9105164DC64B00602DBB /* SkyCrane-Prefix.pch */,
				373C9109164DC64B00602DBB /* Default.png */,
				373C910B164DC64B00602DBB /* Default@2x.png */,
				373C910D164DC64B00602DBB /* Default-568h@2x.png */,
			);
			name = "Supporting Files";
			sourceTree = "<group>";
		};
		373C9124164DC64B00602DBB /* SkyCraneTests */ = {
			isa = PBXGroup;
			children = (
				373C912A164DC64B00602DBB /* SkyCraneTests.h */,
				373C912B164DC64C00602DBB /* SkyCraneTests.m */,
				373C9125164DC64B00602DBB /* Supporting Files */,
			);
			path = SkyCraneTests;
			sourceTree = "<group>";
		};
		373C9125164DC64B00602DBB /* Supporting Files */ = {
			isa = PBXGroup;
			children = (
				373C9126164DC64B00602DBB /* SkyCraneTests-Info.plist */,
				373C9127164DC64B00602DBB /* InfoPlist.strings */,
			);
			name = "Supporting Files";
			sourceTree = "<group>";
		};
/* End PBXGroup section */

/* Begin PBXNativeTarget section */
		373C90F2164DC64B00602DBB /* SkyCrane */ = {
			isa = PBXNativeTarget;
			buildConfigurationList = 373C912F164DC64C00602DBB /* Build configuration list for PBXNativeTarget "SkyCrane" */;
			buildPhases = (
				373C90EF164DC64B00602DBB /* Sources */,
				373C90F0164DC64B00602DBB /* Frameworks */,
				373C90F1164DC64B00602DBB /* Resources */,
			);
			buildRules = (
			);
			dependencies = (
			);
			name = SkyCrane;
			productName = SkyCrane;
			productReference = 373C90F3164DC64B00602DBB /* SkyCrane.app */;
			productType = "com.apple.product-type.application";
		};
		373C911C164DC64B00602DBB /* SkyCraneTests */ = {
			isa = PBXNativeTarget;
			buildConfigurationList = 373C9132164DC64C00602DBB /* Build configuration list for PBXNativeTarget "SkyCraneTests" */;
			buildPhases = (
				373C9118164DC64B00602DBB /* Sources */,
				373C9119164DC64B00602DBB /* Frameworks */,
				373C911A164DC64B00602DBB /* Resources */,
				373C911B164DC64B00602DBB /* ShellScript */,
			);
			buildRules = (
			);
			dependencies = (
				373C9123164DC64B00602DBB /* PBXTargetDependency */,
			);
			name = SkyCraneTests;
			productName = SkyCraneTests;
			productReference = 373C911D164DC64B00602DBB /* SkyCraneTests.octest */;
			productType = "com.apple.product-type.bundle";
		};
/* End PBXNativeTarget section */

/* Begin PBXProject section */
		373C90EA164DC64B00602DBB /* Project object */ = {
			isa = PBXProject;
			attributes = {
				LastUpgradeCheck = 0450;
				ORGANIZATIONNAME = Mozilla;
			};
			buildConfigurationList = 373C90ED164DC64B00602DBB /* Build configuration list for PBXProject "SkyCrane" */;
			compatibilityVersion = "Xcode 3.2";
			developmentRegion = English;
			hasScannedForEncodings = 0;
			knownRegions = (
				en,
			);
			mainGroup = 373C90E8164DC64B00602DBB;
			productRefGroup = 373C90F4164DC64B00602DBB /* Products */;
			projectDirPath = "";
			projectRoot = "";
			targets = (
				373C90F2164DC64B00602DBB /* SkyCrane */,
				373C911C164DC64B00602DBB /* SkyCraneTests */,
			);
		};
/* End PBXProject section */

/* Begin PBXResourcesBuildPhase section */
		373C90F1164DC64B00602DBB /* Resources */ = {
			isa = PBXResourcesBuildPhase;
			buildActionMask = 2147483647;
			files = (
				373C9102164DC64B00602DBB /* InfoPlist.strings in Resources */,
				373C910A164DC64B00602DBB /* Default.png in Resources */,
				373C910C164DC64B00602DBB /* Default@2x.png in Resources */,
				373C910E164DC64B00602DBB /* Default-568h@2x.png in Resources */,
				373C9111164DC64B00602DBB /* MainStoryboard_iPhone.storyboard in Resources */,
				373C9114164DC64B00602DBB /* MainStoryboard_iPad.storyboard in Resources */,
				373C913A164DCDAE00602DBB /* sites.json in Resources */,
			);
			runOnlyForDeploymentPostprocessing = 0;
		};
		373C911A164DC64B00602DBB /* Resources */ = {
			isa = PBXResourcesBuildPhase;
			buildActionMask = 2147483647;
			files = (
				373C9129164DC64B00602DBB /* InfoPlist.strings in Resources */,
			);
			runOnlyForDeploymentPostprocessing = 0;
		};
/* End PBXResourcesBuildPhase section */

/* Begin PBXShellScriptBuildPhase section */
		373C911B164DC64B00602DBB /* ShellScript */ = {
			isa = PBXShellScriptBuildPhase;
			buildActionMask = 2147483647;
			files = (
			);
			inputPaths = (
			);
			outputPaths = (
			);
			runOnlyForDeploymentPostprocessing = 0;
			shellPath = /bin/sh;
			shellScript = "# Run the unit tests in this test bundle.\n\"${SYSTEM_DEVELOPER_DIR}/Tools/RunUnitTests\"\n";
		};
/* End PBXShellScriptBuildPhase section */

/* Begin PBXSourcesBuildPhase section */
		373C90EF164DC64B00602DBB /* Sources */ = {
			isa = PBXSourcesBuildPhase;
			buildActionMask = 2147483647;
			files = (
				373C9104164DC64B00602DBB /* main.m in Sources */,
				373C9108164DC64B00602DBB /* AppDelegate.m in Sources */,
				373C9117164DC64B00602DBB /* PINViewController.m in Sources */,
				373C913D164DD31200602DBB /* SiteViewController.m in Sources */,
			);
			runOnlyForDeploymentPostprocessing = 0;
		};
		373C9118164DC64B00602DBB /* Sources */ = {
			isa = PBXSourcesBuildPhase;
			buildActionMask = 2147483647;
			files = (
				373C912C164DC64C00602DBB /* SkyCraneTests.m in Sources */,
			);
			runOnlyForDeploymentPostprocessing = 0;
		};
/* End PBXSourcesBuildPhase section */

/* Begin PBXTargetDependency section */
		373C9123164DC64B00602DBB /* PBXTargetDependency */ = {
			isa = PBXTargetDependency;
			target = 373C90F2164DC64B00602DBB /* SkyCrane */;
			targetProxy = 373C9122164DC64B00602DBB /* PBXContainerItemProxy */;
		};
/* End PBXTargetDependency section */

/* Begin PBXVariantGroup section */
		373C9100164DC64B00602DBB /* InfoPlist.strings */ = {
			isa = PBXVariantGroup;
			children = (
				373C9101164DC64B00602DBB /* en */,
			);
			name = InfoPlist.strings;
			sourceTree = "<group>";
		};
		373C910F164DC64B00602DBB /* MainStoryboard_iPhone.storyboard */ = {
			isa = PBXVariantGroup;
			children = (
				373C9110164DC64B00602DBB /* en */,
			);
			name = MainStoryboard_iPhone.storyboard;
			sourceTree = "<group>";
		};
		373C9112164DC64B00602DBB /* MainStoryboard_iPad.storyboard */ = {
			isa = PBXVariantGroup;
			children = (
				373C9113164DC64B00602DBB /* en */,
			);
			name = MainStoryboard_iPad.storyboard;
			sourceTree = "<group>";
		};
		373C9127164DC64B00602DBB /* InfoPlist.strings */ = {
			isa = PBXVariantGroup;
			children = (
				373C9128164DC64B00602DBB /* en */,
			);
			name = InfoPlist.strings;
			sourceTree = "<group>";
		};
/* End PBXVariantGroup section */

/* Begin XCBuildConfiguration section */
		373C912D164DC64C00602DBB /* Debug */ = {
			isa = XCBuildConfiguration;
			buildSettings = {
				ALWAYS_SEARCH_USER_PATHS = NO;
				CLANG_CXX_LANGUAGE_STANDARD = "gnu++0x";
				CLANG_CXX_LIBRARY = "libc++";
				CLANG_ENABLE_OBJC_ARC = YES;
				CLANG_WARN_EMPTY_BODY = YES;
				CLANG_WARN__DUPLICATE_METHOD_MATCH = YES;
				"CODE_SIGN_IDENTITY[sdk=iphoneos*]" = "iPhone Developer";
				COPY_PHASE_STRIP = NO;
				GCC_C_LANGUAGE_STANDARD = gnu99;
				GCC_DYNAMIC_NO_PIC = NO;
				GCC_OPTIMIZATION_LEVEL = 0;
				GCC_PREPROCESSOR_DEFINITIONS = (
					"DEBUG=1",
					"$(inherited)",
				);
				GCC_SYMBOLS_PRIVATE_EXTERN = NO;
				GCC_WARN_ABOUT_RETURN_TYPE = YES;
				GCC_WARN_UNINITIALIZED_AUTOS = YES;
				GCC_WARN_UNUSED_VARIABLE = YES;
				IPHONEOS_DEPLOYMENT_TARGET = 6.0;
				ONLY_ACTIVE_ARCH = YES;
				SDKROOT = iphoneos;
				TARGETED_DEVICE_FAMILY = "1,2";
			};
			name = Debug;
		};
		373C912E164DC64C00602DBB /* Release */ = {
			isa = XCBuildConfiguration;
			buildSettings = {
				ALWAYS_SEARCH_USER_PATHS = NO;
				CLANG_CXX_LANGUAGE_STANDARD = "gnu++0x";
				CLANG_CXX_LIBRARY = "libc++";
				CLANG_ENABLE_OBJC_ARC = YES;
				CLANG_WARN_EMPTY_BODY = YES;
				CLANG_WARN__DUPLICATE_METHOD_MATCH = YES;
				"CODE_SIGN_IDENTITY[sdk=iphoneos*]" = "iPhone Developer";
				COPY_PHASE_STRIP = YES;
				GCC_C_LANGUAGE_STANDARD = gnu99;
				GCC_WARN_ABOUT_RETURN_TYPE = YES;
				GCC_WARN_UNINITIALIZED_AUTOS = YES;
				GCC_WARN_UNUSED_VARIABLE = YES;
				IPHONEOS_DEPLOYMENT_TARGET = 6.0;
				OTHER_CFLAGS = "-DNS_BLOCK_ASSERTIONS=1";
				SDKROOT = iphoneos;
				TARGETED_DEVICE_FAMILY = "1,2";
				VALIDATE_PRODUCT = YES;
			};
			name = Release;
		};
		373C9130164DC64C00602DBB /* Debug */ = {
			isa = XCBuildConfiguration;
			buildSettings = {
				GCC_PRECOMPILE_PREFIX_HEADER = YES;
				GCC_PREFIX_HEADER = "SkyCrane/SkyCrane-Prefix.pch";
				INFOPLIST_FILE = "SkyCrane/SkyCrane-Info.plist";
				PRODUCT_NAME = "$(TARGET_NAME)";
				WRAPPER_EXTENSION = app;
			};
			name = Debug;
		};
		373C9131164DC64C00602DBB /* Release */ = {
			isa = XCBuildConfiguration;
			buildSettings = {
				GCC_PRECOMPILE_PREFIX_HEADER = YES;
				GCC_PREFIX_HEADER = "SkyCrane/SkyCrane-Prefix.pch";
				INFOPLIST_FILE = "SkyCrane/SkyCrane-Info.plist";
				PRODUCT_NAME = "$(TARGET_NAME)";
				WRAPPER_EXTENSION = app;
			};
			name = Release;
		};
		373C9133164DC64C00602DBB /* Debug */ = {
			isa = XCBuildConfiguration;
			buildSettings = {
				BUNDLE_LOADER = "$(BUILT_PRODUCTS_DIR)/SkyCrane.app/SkyCrane";
				FRAMEWORK_SEARCH_PATHS = (
					"\"$(SDKROOT)/Developer/Library/Frameworks\"",
					"\"$(DEVELOPER_LIBRARY_DIR)/Frameworks\"",
				);
				GCC_PRECOMPILE_PREFIX_HEADER = YES;
				GCC_PREFIX_HEADER = "SkyCrane/SkyCrane-Prefix.pch";
				INFOPLIST_FILE = "SkyCraneTests/SkyCraneTests-Info.plist";
				PRODUCT_NAME = "$(TARGET_NAME)";
				TEST_HOST = "$(BUNDLE_LOADER)";
				WRAPPER_EXTENSION = octest;
			};
			name = Debug;
		};
		373C9134164DC64C00602DBB /* Release */ = {
			isa = XCBuildConfiguration;
			buildSettings = {
				BUNDLE_LOADER = "$(BUILT_PRODUCTS_DIR)/SkyCrane.app/SkyCrane";
				FRAMEWORK_SEARCH_PATHS = (
					"\"$(SDKROOT)/Developer/Library/Frameworks\"",
					"\"$(DEVELOPER_LIBRARY_DIR)/Frameworks\"",
				);
				GCC_PRECOMPILE_PREFIX_HEADER = YES;
				GCC_PREFIX_HEADER = "SkyCrane/SkyCrane-Prefix.pch";
				INFOPLIST_FILE = "SkyCraneTests/SkyCraneTests-Info.plist";
				PRODUCT_NAME = "$(TARGET_NAME)";
				TEST_HOST = "$(BUNDLE_LOADER)";
				WRAPPER_EXTENSION = octest;
			};
			name = Release;
		};
/* End XCBuildConfiguration section */

/* Begin XCConfigurationList section */
		373C90ED164DC64B00602DBB /* Build configuration list for PBXProject "SkyCrane" */ = {
			isa = XCConfigurationList;
			buildConfigurations = (
				373C912D164DC64C00602DBB /* Debug */,
				373C912E164DC64C00602DBB /* Release */,
			);
			defaultConfigurationIsVisible = 0;
			defaultConfigurationName = Release;
		};
		373C912F164DC64C00602DBB /* Build configuration list for PBXNativeTarget "SkyCrane" */ = {
			isa = XCConfigurationList;
			buildConfigurations = (
				373C9130164DC64C00602DBB /* Debug */,
				373C9131164DC64C00602DBB /* Release */,
			);
			defaultConfigurationIsVisible = 0;
		};
		373C9132164DC64C00602DBB /* Build configuration list for PBXNativeTarget "SkyCraneTests" */ = {
			isa = XCConfigurationList;
			buildConfigurations = (
				373C9133164DC64C00602DBB /* Debug */,
				373C9134164DC64C00602DBB /* Release */,
			);
			defaultConfigurationIsVisible = 0;
		};
/* End XCConfigurationList section */
	};
	rootObject = 373C90EA164DC64B00602DBB /* Project object */;
}
